// !$*UTF8*$!
{
	archiveVersion = 1;
	classes = {
	};
	objectVersion = 56;
	objects = {

/* Begin PBXBuildFile section */
		8C07E64B2BB874E925202CDD87F96FEE /* Assets.xcassets in Resources */ = {isa = PBXBuildFile; fileRef = 2316090378CCE5868C44676342CCD47C /* Assets.xcassets */; };
		A13CA99DFCE3C2B83FEB492E1CE8821A /* Preview Assets.xcassets in Resources */ = {isa = PBXBuildFile; fileRef = A8EEAEE3C16E954714398FF32F370AF7 /* Preview Assets.xcassets */; };
		C3F2EBC798524A9695718B2C6C8943BF /* SearchGitHubReposApp.swift in Sources */ = {isa = PBXBuildFile; fileRef = 84DC47E7A5EE2B1C7CB7BFC824858DD8 /* SearchGitHubReposApp.swift */; };
		D4C1C9B94A2B6609637FC5C089A01D1B /* ContentView.swift in Sources */ = {isa = PBXBuildFile; fileRef = 32C5E2400803C39F579F7C2C4C51E1F2 /* ContentView.swift */; };
/* End PBXBuildFile section */

/* Begin PBXFileReference section */
		2316090378CCE5868C44676342CCD47C /* Assets.xcassets */ = {isa = PBXFileReference; lastKnownFileType = folder.assetcatalog; path = Assets.xcassets; sourceTree = "<group>"; };
		32C5E2400803C39F579F7C2C4C51E1F2 /* ContentView.swift */ = {isa = PBXFileReference; lastKnownFileType = sourcecode.swift; path = ContentView.swift; sourceTree = "<group>"; };
		84DC47E7A5EE2B1C7CB7BFC824858DD8 /* SearchGitHubReposApp.swift */ = {isa = PBXFileReference; lastKnownFileType = sourcecode.swift; path = SearchGitHubReposApp.swift; sourceTree = "<group>"; };
		A8EEAEE3C16E954714398FF32F370AF7 /* Preview Assets.xcassets */ = {isa = PBXFileReference; lastKnownFileType = folder.assetcatalog; path = "Preview Assets.xcassets"; sourceTree = "<group>"; };
		B12C7F019A0BAFF0687EDFAA4C747999 /* Info.plist */ = {isa = PBXFileReference; lastKnownFileType = text.plist.xml; path = Info.plist; sourceTree = "<group>"; };
		BB0EB04BC85718CD3FD866ABA13822A3 /* SearchGitHubRepos.app */ = {isa = PBXFileReference; explicitFileType = wrapper.application; includeInIndex = 0; path = SearchGitHubRepos.app; sourceTree = BUILT_PRODUCTS_DIR; };
/* End PBXFileReference section */

/* Begin PBXFrameworksBuildPhase section */
		D1B3FDAD10A44C7EDF56BE83641B125F /* Frameworks */ = {
			isa = PBXFrameworksBuildPhase;
			buildActionMask = 2147483647;
			files = (
			);
			runOnlyForDeploymentPostprocessing = 0;
		};
/* End PBXFrameworksBuildPhase section */

/* Begin PBXGroup section */
		08007C757809C6016D23724665354E16 /* Supporting Files */ = {
			isa = PBXGroup;
			children = (
				7AD33223E8BC70F5617195550154F01A /* Preview Content */,
				2316090378CCE5868C44676342CCD47C /* Assets.xcassets */,
				B12C7F019A0BAFF0687EDFAA4C747999 /* Info.plist */,
			);
			path = "Supporting Files";
			sourceTree = "<group>";
		};
		7AD33223E8BC70F5617195550154F01A /* Preview Content */ = {
			isa = PBXGroup;
			children = (
				A8EEAEE3C16E954714398FF32F370AF7 /* Preview Assets.xcassets */,
			);
			path = "Preview Content";
			sourceTree = "<group>";
		};
		86D8D29CB4803E8CB2C4DA471F4F3F58 /* SearchGitHubRepos */ = {
			isa = PBXGroup;
			children = (
				08007C757809C6016D23724665354E16 /* Supporting Files */,
				32C5E2400803C39F579F7C2C4C51E1F2 /* ContentView.swift */,
				84DC47E7A5EE2B1C7CB7BFC824858DD8 /* SearchGitHubReposApp.swift */,
			);
			path = SearchGitHubRepos;
			sourceTree = "<group>";
		};
		98C0F82066D4B0995177645CDA42FFFC = {
			isa = PBXGroup;
			children = (
				AEF12F86A74366E4707AA47E24F8B66D /* Products */,
				86D8D29CB4803E8CB2C4DA471F4F3F58 /* SearchGitHubRepos */,
			);
			sourceTree = "<group>";
		};
		AEF12F86A74366E4707AA47E24F8B66D /* Products */ = {
			isa = PBXGroup;
			children = (
				BB0EB04BC85718CD3FD866ABA13822A3 /* SearchGitHubRepos.app */,
			);
			name = Products;
			sourceTree = "<group>";
		};
/* End PBXGroup section */

/* Begin PBXNativeTarget section */
		8A65020A70FA4D9262A0499E7174546C /* SearchGitHubRepos */ = {
			isa = PBXNativeTarget;
			buildConfigurationList = 80D30C173AA1AB753545015D4CC2E978 /* Build configuration list for PBXNativeTarget "SearchGitHubRepos" */;
			buildPhases = (
				A55ABA0052F7AD028B698FC7FB179A8F /* Sources */,
				D1B3FDAD10A44C7EDF56BE83641B125F /* Frameworks */,
				2734CA04B3629D36DB34B9509232E7EF /* Resources */,
			);
			buildRules = (
			);
			dependencies = (
			);
			name = SearchGitHubRepos;
			productName = SearchGitHubRepos;
			productReference = BB0EB04BC85718CD3FD866ABA13822A3 /* SearchGitHubRepos.app */;
			productType = "com.apple.product-type.application";
		};
/* End PBXNativeTarget section */

/* Begin PBXProject section */
		124756CDBA845A3D72EE43609B7B43EE /* Project object */ = {
			isa = PBXProject;
			attributes = {
				BuildIndependentTargetsInParallel = 1;
				LastSwiftUpdateCheck = 1420;
				LastUpgradeCheck = 1420;
				TargetAttributes = {
					8A65020A70FA4D9262A0499E7174546C = {
						CreatedOnToolsVersion = 14.2;
					};
				};
			};
			buildConfigurationList = D51AC21C19F1CA95DB4265B1E17A4651 /* Build configuration list for PBXProject "SearchGitHubRepos" */;
			compatibilityVersion = "Xcode 14.0";
			developmentRegion = en;
			hasScannedForEncodings = 0;
			knownRegions = (
				en,
				Base,
			);
			mainGroup = 98C0F82066D4B0995177645CDA42FFFC;
			productRefGroup = AEF12F86A74366E4707AA47E24F8B66D /* Products */;
			projectDirPath = "";
			projectRoot = "";
			targets = (
				8A65020A70FA4D9262A0499E7174546C /* SearchGitHubRepos */,
			);
		};
/* End PBXProject section */

/* Begin PBXResourcesBuildPhase section */
		2734CA04B3629D36DB34B9509232E7EF /* Resources */ = {
			isa = PBXResourcesBuildPhase;
			buildActionMask = 2147483647;
			files = (
				8C07E64B2BB874E925202CDD87F96FEE /* Assets.xcassets in Resources */,
				A13CA99DFCE3C2B83FEB492E1CE8821A /* Preview Assets.xcassets in Resources */,
			);
			runOnlyForDeploymentPostprocessing = 0;
		};
/* End PBXResourcesBuildPhase section */

/* Begin PBXSourcesBuildPhase section */
		A55ABA0052F7AD028B698FC7FB179A8F /* Sources */ = {
			isa = PBXSourcesBuildPhase;
			buildActionMask = 2147483647;
			files = (
				D4C1C9B94A2B6609637FC5C089A01D1B /* ContentView.swift in Sources */,
				C3F2EBC798524A9695718B2C6C8943BF /* SearchGitHubReposApp.swift in Sources */,
			);
			runOnlyForDeploymentPostprocessing = 0;
		};
/* End PBXSourcesBuildPhase section */

/* Begin XCBuildConfiguration section */
		47CDBF33169C586ED223DECEC5E60BF6 /* Release */ = {
			isa = XCBuildConfiguration;
			buildSettings = {
				ASSETCATALOG_COMPILER_APPICON_NAME = AppIcon;
				ASSETCATALOG_COMPILER_GLOBAL_ACCENT_COLOR_NAME = AccentColor;
				CODE_SIGN_STYLE = Automatic;
				CURRENT_PROJECT_VERSION = 1;
				DEVELOPMENT_ASSET_PATHS = "\"SearchGitHubRepos/Supporting Files/Preview Content\"";
				ENABLE_PREVIEWS = YES;
				GENERATE_INFOPLIST_FILE = YES;
				INFOPLIST_FILE = "SearchGitHubRepos/Supporting Files/Info.plist";
				INFOPLIST_KEY_UIApplicationSupportsIndirectInputEvents = YES;
				INFOPLIST_KEY_UILaunchScreen_Generation = YES;
				INFOPLIST_KEY_UISupportedInterfaceOrientations = UIInterfaceOrientationPortrait;
				INFOPLIST_KEY_UISupportedInterfaceOrientations_iPad = "UIInterfaceOrientationPortrait UIInterfaceOrientationPortraitUpsideDown";
				LD_RUNPATH_SEARCH_PATHS = (
					"$(inherited)",
					"@executable_path/Frameworks",
				);
				MARKETING_VERSION = 1.0;
				PRODUCT_BUNDLE_IDENTIFIER = ncjjung.coding.test.SearchGitHubRepos;
				PRODUCT_NAME = "$(TARGET_NAME)";
				SWIFT_EMIT_LOC_STRINGS = YES;
				SWIFT_VERSION = 5.0;
				TARGETED_DEVICE_FAMILY = "1,2";
			};
			name = Release;
		};
		6306A1EB439C74E14D857CE37D39C80F /* Release */ = {
			isa = XCBuildConfiguration;
			buildSettings = {
				ALWAYS_SEARCH_USER_PATHS = NO;
				CLANG_ANALYZER_NONNULL = YES;
				CLANG_ANALYZER_NUMBER_OBJECT_CONVERSION = YES_AGGRESSIVE;
				CLANG_CXX_LANGUAGE_STANDARD = "gnu++20";
				CLANG_ENABLE_MODULES = YES;
				CLANG_ENABLE_OBJC_ARC = YES;
				CLANG_ENABLE_OBJC_WEAK = YES;
				CLANG_WARN_BLOCK_CAPTURE_AUTORELEASING = YES;
				CLANG_WARN_BOOL_CONVERSION = YES;
				CLANG_WARN_COMMA = YES;
				CLANG_WARN_CONSTANT_CONVERSION = YES;
				CLANG_WARN_DEPRECATED_OBJC_IMPLEMENTATIONS = YES;
				CLANG_WARN_DIRECT_OBJC_ISA_USAGE = YES_ERROR;
				CLANG_WARN_DOCUMENTATION_COMMENTS = YES;
				CLANG_WARN_EMPTY_BODY = YES;
				CLANG_WARN_ENUM_CONVERSION = YES;
				CLANG_WARN_INFINITE_RECURSION = YES;
				CLANG_WARN_INT_CONVERSION = YES;
				CLANG_WARN_NON_LITERAL_NULL_CONVERSION = YES;
				CLANG_WARN_OBJC_IMPLICIT_RETAIN_SELF = YES;
				CLANG_WARN_OBJC_LITERAL_CONVERSION = YES;
				CLANG_WARN_OBJC_ROOT_CLASS = YES_ERROR;
				CLANG_WARN_QUOTED_INCLUDE_IN_FRAMEWORK_HEADER = YES;
				CLANG_WARN_RANGE_LOOP_ANALYSIS = YES;
				CLANG_WARN_STRICT_PROTOTYPES = YES;
				CLANG_WARN_SUSPICIOUS_MOVE = YES;
				CLANG_WARN_UNGUARDED_AVAILABILITY = YES_AGGRESSIVE;
				CLANG_WARN_UNREACHABLE_CODE = YES;
				CLANG_WARN__DUPLICATE_METHOD_MATCH = YES;
				COPY_PHASE_STRIP = NO;
				DEBUG_INFORMATION_FORMAT = "dwarf-with-dsym";
				ENABLE_NS_ASSERTIONS = NO;
				ENABLE_STRICT_OBJC_MSGSEND = YES;
				GCC_C_LANGUAGE_STANDARD = gnu11;
				GCC_NO_COMMON_BLOCKS = YES;
				GCC_WARN_64_TO_32_BIT_CONVERSION = YES;
				GCC_WARN_ABOUT_RETURN_TYPE = YES_ERROR;
				GCC_WARN_UNDECLARED_SELECTOR = YES;
				GCC_WARN_UNINITIALIZED_AUTOS = YES_AGGRESSIVE;
				GCC_WARN_UNUSED_FUNCTION = YES;
				GCC_WARN_UNUSED_VARIABLE = YES;
				IPHONEOS_DEPLOYMENT_TARGET = 16.2;
				MTL_ENABLE_DEBUG_INFO = NO;
				MTL_FAST_MATH = YES;
				SDKROOT = iphoneos;
				SWIFT_COMPILATION_MODE = wholemodule;
				SWIFT_OPTIMIZATION_LEVEL = "-O";
				VALIDATE_PRODUCT = YES;
			};
			name = Release;
		};
		CCBB386EFF63B20818C762AF0362272C /* Debug */ = {
			isa = XCBuildConfiguration;
			buildSettings = {
				ASSETCATALOG_COMPILER_APPICON_NAME = AppIcon;
				ASSETCATALOG_COMPILER_GLOBAL_ACCENT_COLOR_NAME = AccentColor;
				CODE_SIGN_STYLE = Automatic;
				CURRENT_PROJECT_VERSION = 1;
				DEVELOPMENT_ASSET_PATHS = "\"SearchGitHubRepos/Supporting Files/Preview Content\"";
				ENABLE_PREVIEWS = YES;
				GENERATE_INFOPLIST_FILE = YES;
				INFOPLIST_FILE = "SearchGitHubRepos/Supporting Files/Info.plist";
				INFOPLIST_KEY_UIApplicationSupportsIndirectInputEvents = YES;
				INFOPLIST_KEY_UILaunchScreen_Generation = YES;
				INFOPLIST_KEY_UISupportedInterfaceOrientations = UIInterfaceOrientationPortrait;
				INFOPLIST_KEY_UISupportedInterfaceOrientations_iPad = "UIInterfaceOrientationPortrait UIInterfaceOrientationPortraitUpsideDown";
				LD_RUNPATH_SEARCH_PATHS = (
					"$(inherited)",
					"@executable_path/Frameworks",
				);
				MARKETING_VERSION = 1.0;
				PRODUCT_BUNDLE_IDENTIFIER = ncjjung.coding.test.SearchGitHubRepos;
				PRODUCT_NAME = "$(TARGET_NAME)";
				SWIFT_EMIT_LOC_STRINGS = YES;
				SWIFT_VERSION = 5.0;
				TARGETED_DEVICE_FAMILY = "1,2";
			};
			name = Debug;
		};
		E7CEDF7F2EC9AA440B5305E85640CC85 /* Debug */ = {
			isa = XCBuildConfiguration;
			buildSettings = {
				ALWAYS_SEARCH_USER_PATHS = NO;
				CLANG_ANALYZER_NONNULL = YES;
				CLANG_ANALYZER_NUMBER_OBJECT_CONVERSION = YES_AGGRESSIVE;
				CLANG_CXX_LANGUAGE_STANDARD = "gnu++20";
				CLANG_ENABLE_MODULES = YES;
				CLANG_ENABLE_OBJC_ARC = YES;
				CLANG_ENABLE_OBJC_WEAK = YES;
				CLANG_WARN_BLOCK_CAPTURE_AUTORELEASING = YES;
				CLANG_WARN_BOOL_CONVERSION = YES;
				CLANG_WARN_COMMA = YES;
				CLANG_WARN_CONSTANT_CONVERSION = YES;
				CLANG_WARN_DEPRECATED_OBJC_IMPLEMENTATIONS = YES;
				CLANG_WARN_DIRECT_OBJC_ISA_USAGE = YES_ERROR;
				CLANG_WARN_DOCUMENTATION_COMMENTS = YES;
				CLANG_WARN_EMPTY_BODY = YES;
				CLANG_WARN_ENUM_CONVERSION = YES;
				CLANG_WARN_INFINITE_RECURSION = YES;
				CLANG_WARN_INT_CONVERSION = YES;
				CLANG_WARN_NON_LITERAL_NULL_CONVERSION = YES;
				CLANG_WARN_OBJC_IMPLICIT_RETAIN_SELF = YES;
				CLANG_WARN_OBJC_LITERAL_CONVERSION = YES;
				CLANG_WARN_OBJC_ROOT_CLASS = YES_ERROR;
				CLANG_WARN_QUOTED_INCLUDE_IN_FRAMEWORK_HEADER = YES;
				CLANG_WARN_RANGE_LOOP_ANALYSIS = YES;
				CLANG_WARN_STRICT_PROTOTYPES = YES;
				CLANG_WARN_SUSPICIOUS_MOVE = YES;
				CLANG_WARN_UNGUARDED_AVAILABILITY = YES_AGGRESSIVE;
				CLANG_WARN_UNREACHABLE_CODE = YES;
				CLANG_WARN__DUPLICATE_METHOD_MATCH = YES;
				COPY_PHASE_STRIP = NO;
				DEBUG_INFORMATION_FORMAT = dwarf;
				ENABLE_STRICT_OBJC_MSGSEND = YES;
				ENABLE_TESTABILITY = YES;
				GCC_C_LANGUAGE_STANDARD = gnu11;
				GCC_DYNAMIC_NO_PIC = NO;
				GCC_NO_COMMON_BLOCKS = YES;
				GCC_OPTIMIZATION_LEVEL = 0;
				GCC_PREPROCESSOR_DEFINITIONS = (
					"DEBUG=1",
					"$(inherited)",
				);
				GCC_WARN_64_TO_32_BIT_CONVERSION = YES;
				GCC_WARN_ABOUT_RETURN_TYPE = YES_ERROR;
				GCC_WARN_UNDECLARED_SELECTOR = YES;
				GCC_WARN_UNINITIALIZED_AUTOS = YES_AGGRESSIVE;
				GCC_WARN_UNUSED_FUNCTION = YES;
				GCC_WARN_UNUSED_VARIABLE = YES;
				IPHONEOS_DEPLOYMENT_TARGET = 16.2;
				MTL_ENABLE_DEBUG_INFO = INCLUDE_SOURCE;
				MTL_FAST_MATH = YES;
				ONLY_ACTIVE_ARCH = YES;
				SDKROOT = iphoneos;
				SWIFT_ACTIVE_COMPILATION_CONDITIONS = DEBUG;
				SWIFT_OPTIMIZATION_LEVEL = "-Onone";
			};
			name = Debug;
		};
/* End XCBuildConfiguration section */

/* Begin XCConfigurationList section */
		80D30C173AA1AB753545015D4CC2E978 /* Build configuration list for PBXNativeTarget "SearchGitHubRepos" */ = {
			isa = XCConfigurationList;
			buildConfigurations = (
				CCBB386EFF63B20818C762AF0362272C /* Debug */,
				47CDBF33169C586ED223DECEC5E60BF6 /* Release */,
			);
			defaultConfigurationIsVisible = 0;
			defaultConfigurationName = Release;
		};
		D51AC21C19F1CA95DB4265B1E17A4651 /* Build configuration list for PBXProject "SearchGitHubRepos" */ = {
			isa = XCConfigurationList;
			buildConfigurations = (
				E7CEDF7F2EC9AA440B5305E85640CC85 /* Debug */,
				6306A1EB439C74E14D857CE37D39C80F /* Release */,
			);
			defaultConfigurationIsVisible = 0;
			defaultConfigurationName = Release;
		};
/* End XCConfigurationList section */
	};
	rootObject = 124756CDBA845A3D72EE43609B7B43EE /* Project object */;
}
